
Microsoft Visual Studio Solution File, Format Version 12.00
# Visual Studio Version 17
VisualStudioVersion = 17.13.35828.75 d17.13
MinimumVisualStudioVersion = 10.0.40219.1
Project("{F184B08F-C81C-45F6-A57F-5ABD9991F28F}") = "Student performanceprediction", "Student performanceprediction.vbproj", "{C1B76D24-E673-4522-9EA0-0266BA441BF4}"
EndProject
Global
	GlobalSection(SolutionConfigurationPlatforms) = preSolution
		Debug|Any CPU = Debug|Any CPU
		Release|Any CPU = Release|Any CPU
	EndGlobalSection
	GlobalSection(ProjectConfigurationPlatforms) = postSolution
		{C1B76D24-E673-4522-9EA0-0266BA441BF4}.Debug|Any CPU.ActiveCfg = Debug|Any CPU
		{C1B76D24-E673-4522-9EA0-0266BA441BF4}.Debug|Any CPU.Build.0 = Debug|Any CPU
		{C1B76D24-E673-4522-9EA0-0266BA441BF4}.Release|Any CPU.ActiveCfg = Release|Any CPU
		{C1B76D24-E673-4522-9EA0-0266BA441BF4}.Release|Any CPU.Build.0 = Release|Any CPU
	EndGlobalSection
	GlobalSection(SolutionProperties) = preSolution
		HideSolutionNode = FALSE
	EndGlobalSection
	GlobalSection(ExtensibilityGlobals) = postSolution
		SolutionGuid = {1C6D8AF8-AD28-4000-BB5B-E55DD6EA7B1E}
	EndGlobalSection
EndGlobal
